
Microsoft Visual Studio Solution File, Format Version 12.00
# Visual Studio Version 17
VisualStudioVersion = 17.10.35013.160
MinimumVisualStudioVersion = 10.0.40219.1
Project("{FAE04EC0-301F-11D3-BF4B-00C04F79EFBC}") = "Eplace", "Eplace\Eplace.csproj", "{D9C55986-C70B-48A5-A05B-B7754572709C}"
EndProject
Global
	GlobalSection(SolutionConfigurationPlatforms) = preSolution
		Debug|Any CPU = Debug|Any CPU
		Release|Any CPU = Release|Any CPU
	EndGlobalSection
	GlobalSection(ProjectConfigurationPlatforms) = postSolution
		{D9C55986-C70B-48A5-A05B-B7754572709C}.Debug|Any CPU.ActiveCfg = Debug|Any CPU
		{D9C55986-C70B-48A5-A05B-B7754572709C}.Debug|Any CPU.Build.0 = Debug|Any CPU
		{D9C55986-C70B-48A5-A05B-B7754572709C}.Release|Any CPU.ActiveCfg = Release|Any CPU
		{D9C55986-C70B-48A5-A05B-B7754572709C}.Release|Any CPU.Build.0 = Release|Any CPU
	EndGlobalSection
	GlobalSection(SolutionProperties) = preSolution
		HideSolutionNode = FALSE
	EndGlobalSection
	GlobalSection(ExtensibilityGlobals) = postSolution
		SolutionGuid = {048785AE-7540-4BE3-884D-FB15AE085CBA}
	EndGlobalSection
EndGlobal
